// !$*UTF8*$!
{
	archiveVersion = 1;
	classes = {
	};
	objectVersion = 60;
	objects = {

/* Begin PBXBuildFile section */
		CC00000000000000000000A2 /* YeyuApp.swift in Sources */ = {isa = PBXBuildFile; fileRef = BB00000000000000000000A2 /* YeyuApp.swift */; };
		CC00000000000000000000A3 /* ContentView.swift in Sources */ = {isa = PBXBuildFile; fileRef = BB00000000000000000000A3 /* ContentView.swift */; };
		CC00000000000000000000A4 /* YeyuDesignTokens.swift in Sources */ = {isa = PBXBuildFile; fileRef = BB00000000000000000000A4 /* YeyuDesignTokens.swift */; };
		CC00000000000000000000A5 /* PrimaryButton.swift in Sources */ = {isa = PBXBuildFile; fileRef = BB00000000000000000000A5 /* PrimaryButton.swift */; };
		CC00000000000000000000A6 /* GlassInput.swift in Sources */ = {isa = PBXBuildFile; fileRef = BB00000000000000000000A6 /* GlassInput.swift */; };
		CC00000000000000000000A7 /* TopBar.swift in Sources */ = {isa = PBXBuildFile; fileRef = BB00000000000000000000A7 /* TopBar.swift */; };
		CC00000000000000000000A8 /* MessageBubble.swift in Sources */ = {isa = PBXBuildFile; fileRef = BB00000000000000000000A8 /* MessageBubble.swift */; };
		CC00000000000000000000A9 /* ChatAPIClient.swift in Sources */ = {isa = PBXBuildFile; fileRef = BB00000000000000000000A9 /* ChatAPIClient.swift */; };
		CC00000000000000000000AA /* ChatMessage.swift in Sources */ = {isa = PBXBuildFile; fileRef = BB00000000000000000000AA /* ChatMessage.swift */; };
		CC00000000000000000000AB /* Assets.xcassets in Resources */ = {isa = PBXBuildFile; fileRef = BB00000000000000000000AB /* Assets.xcassets */; };
		CC00000000000000000000AC /* Preview Assets.xcassets in Resources */ = {isa = PBXBuildFile; fileRef = BB00000000000000000000AC /* Preview Assets.xcassets */; };
/* End PBXBuildFile section */

/* Begin PBXFileReference section */
		BB00000000000000000000A1 /* Yeyu.app */ = {isa = PBXFileReference; explicitFileType = wrapper.application; includeInIndex = 0; path = Yeyu.app; sourceTree = BUILT_PRODUCTS_DIR; };
		BB00000000000000000000A2 /* YeyuApp.swift */ = {isa = PBXFileReference; lastKnownFileType = sourcecode.swift; path = YeyuApp.swift; sourceTree = "<group>"; };
		BB00000000000000000000A3 /* ContentView.swift */ = {isa = PBXFileReference; lastKnownFileType = sourcecode.swift; path = ContentView.swift; sourceTree = "<group>"; };
		BB00000000000000000000A4 /* YeyuDesignTokens.swift */ = {isa = PBXFileReference; lastKnownFileType = sourcecode.swift; path = YeyuDesignTokens.swift; sourceTree = "<group>"; };
		BB00000000000000000000A5 /* PrimaryButton.swift */ = {isa = PBXFileReference; lastKnownFileType = sourcecode.swift; path = PrimaryButton.swift; sourceTree = "<group>"; };
		BB00000000000000000000A6 /* GlassInput.swift */ = {isa = PBXFileReference; lastKnownFileType = sourcecode.swift; path = GlassInput.swift; sourceTree = "<group>"; };
		BB00000000000000000000A7 /* TopBar.swift */ = {isa = PBXFileReference; lastKnownFileType = sourcecode.swift; path = TopBar.swift; sourceTree = "<group>"; };
		BB00000000000000000000A8 /* MessageBubble.swift */ = {isa = PBXFileReference; lastKnownFileType = sourcecode.swift; path = MessageBubble.swift; sourceTree = "<group>"; };
		BB00000000000000000000A9 /* ChatAPIClient.swift */ = {isa = PBXFileReference; lastKnownFileType = sourcecode.swift; path = ChatAPIClient.swift; sourceTree = "<group>"; };
		BB00000000000000000000AA /* ChatMessage.swift */ = {isa = PBXFileReference; lastKnownFileType = sourcecode.swift; path = ChatMessage.swift; sourceTree = "<group>"; };
		BB00000000000000000000AB /* Assets.xcassets */ = {isa = PBXFileReference; lastKnownFileType = folder.assetcatalog; path = Assets.xcassets; sourceTree = "<group>"; };
		BB00000000000000000000AC /* Preview Assets.xcassets */ = {isa = PBXFileReference; lastKnownFileType = folder.assetcatalog; path = "Preview Assets.xcassets"; sourceTree = "<group>"; };
/* End PBXFileReference section */

/* Begin PBXFrameworksBuildPhase section */
		AA00000000000000000000A5 /* Frameworks */ = {
			isa = PBXFrameworksBuildPhase;
			buildActionMask = 2147483647;
			files = (
			);
			runOnlyForDeploymentPostprocessing = 0;
		};
/* End PBXFrameworksBuildPhase section */

/* Begin PBXGroup section */
		AA000000000000000000001B /* MainGroup */ = {
			isa = PBXGroup;
			children = (
				AA000000000000000000001D /* Yeyu */,
				AA000000000000000000001C /* Products */,
			);
			sourceTree = "<group>";
		};
		AA000000000000000000001C /* Products */ = {
			isa = PBXGroup;
			children = (
				BB00000000000000000000A1 /* Yeyu.app */,
			);
			name = Products;
			sourceTree = "<group>";
		};
		AA000000000000000000001D /* Yeyu */ = {
			isa = PBXGroup;
			children = (
				BB00000000000000000000A2 /* YeyuApp.swift */,
				BB00000000000000000000A3 /* ContentView.swift */,
				BB00000000000000000000AB /* Assets.xcassets */,
				AA000000000000000000001E /* DesignSystem */,
				AA000000000000000000001F /* Components */,
				AA00000000000000000000A0 /* Network */,
				AA00000000000000000000A1 /* Models */,
				AA00000000000000000000B0 /* Preview Content */,
			);
			path = Yeyu;
			sourceTree = "<group>";
		};
		AA000000000000000000001E /* DesignSystem */ = {
			isa = PBXGroup;
			children = (
				BB00000000000000000000A4 /* YeyuDesignTokens.swift */,
			);
			path = DesignSystem;
			sourceTree = "<group>";
		};
		AA000000000000000000001F /* Components */ = {
			isa = PBXGroup;
			children = (
				BB00000000000000000000A5 /* PrimaryButton.swift */,
				BB00000000000000000000A6 /* GlassInput.swift */,
				BB00000000000000000000A7 /* TopBar.swift */,
				BB00000000000000000000A8 /* MessageBubble.swift */,
			);
			path = Components;
			sourceTree = "<group>";
		};
		AA00000000000000000000A0 /* Network */ = {
			isa = PBXGroup;
			children = (
				BB00000000000000000000A9 /* ChatAPIClient.swift */,
			);
			path = Network;
			sourceTree = "<group>";
		};
		AA00000000000000000000A1 /* Models */ = {
			isa = PBXGroup;
			children = (
				BB00000000000000000000AA /* ChatMessage.swift */,
			);
			path = Models;
			sourceTree = "<group>";
		};
		AA00000000000000000000B0 /* Preview Content */ = {
			isa = PBXGroup;
			children = (
				BB00000000000000000000AC /* Preview Assets.xcassets */,
			);
			path = "Preview Content";
			sourceTree = "<group>";
		};
/* End PBXGroup section */

/* Begin PBXNativeTarget section */
		AA00000000000000000000A2 /* Yeyu */ = {
			isa = PBXNativeTarget;
			buildConfigurationList = AA00000000000000000000A7 /* Build configuration list for PBXNativeTarget "Yeyu" */;
			buildPhases = (
				AA00000000000000000000A3 /* Sources */,
				AA00000000000000000000A4 /* Resources */,
				AA00000000000000000000A5 /* Frameworks */,
			);
			buildRules = (
			);
			dependencies = (
			);
			name = Yeyu;
			productName = Yeyu;
			productReference = BB00000000000000000000A1 /* Yeyu.app */;
			productType = "com.apple.product-type.application";
		};
/* End PBXNativeTarget section */

/* Begin PBXProject section */
		AA000000000000000000001A /* Project object */ = {
			isa = PBXProject;
			attributes = {
				BuildIndependentTargetsInParallel = 1;
				LastSwiftUpdateCheck = 1530;
				LastUpgradeCheck = 1530;
				TargetAttributes = {
					AA00000000000000000000A2 = {
						CreatedOnToolsVersion = 15.3;
					};
				};
			};
			buildConfigurationList = AA00000000000000000000A6 /* Build configuration list for PBXProject "Yeyu" */;
			compatibilityVersion = "Xcode 14.0";
			developmentRegion = zh_Hans;
			hasScannedForEncodings = 0;
			knownRegions = (
				en,
				"zh-Hans",
				Base,
			);
			mainGroup = AA000000000000000000001B;
			productRefGroup = AA000000000000000000001C /* Products */;
			projectDirPath = "";
			projectRoot = "";
			targets = (
				AA00000000000000000000A2 /* Yeyu */,
			);
		};
/* End PBXProject section */

/* Begin PBXResourcesBuildPhase section */
		AA00000000000000000000A4 /* Resources */ = {
			isa = PBXResourcesBuildPhase;
			buildActionMask = 2147483647;
			files = (
				CC00000000000000000000AB /* Assets.xcassets in Resources */,
				CC00000000000000000000AC /* Preview Assets.xcassets in Resources */,
			);
			runOnlyForDeploymentPostprocessing = 0;
		};
/* End PBXResourcesBuildPhase section */

/* Begin PBXSourcesBuildPhase section */
		AA00000000000000000000A3 /* Sources */ = {
			isa = PBXSourcesBuildPhase;
			buildActionMask = 2147483647;
			files = (
				CC00000000000000000000A2 /* YeyuApp.swift in Sources */,
				CC00000000000000000000A3 /* ContentView.swift in Sources */,
				CC00000000000000000000A4 /* YeyuDesignTokens.swift in Sources */,
				CC00000000000000000000A5 /* PrimaryButton.swift in Sources */,
				CC00000000000000000000A6 /* GlassInput.swift in Sources */,
				CC00000000000000000000A7 /* TopBar.swift in Sources */,
				CC00000000000000000000A8 /* MessageBubble.swift in Sources */,
				CC00000000000000000000A9 /* ChatAPIClient.swift in Sources */,
				CC00000000000000000000AA /* ChatMessage.swift in Sources */,
			);
			runOnlyForDeploymentPostprocessing = 0;
		};
/* End PBXSourcesBuildPhase section */

/* Begin XCBuildConfiguration section */
		AA00000000000000000000A8 /* Debug */ = {
			isa = XCBuildConfiguration;
			buildSettings = {
				ALWAYS_SEARCH_USER_PATHS = NO;
				ASSETCATALOG_COMPILER_GENERATE_SWIFT_ASSET_SYMBOL_EXTENSIONS = YES;
				CLANG_ANALYZER_NONNULL = YES;
				CLANG_ANALYZER_NUMBER_OBJECT_CONVERSION = YES_AGGRESSIVE;
				CLANG_CXX_LANGUAGE_STANDARD = "gnu++20";
				CLANG_ENABLE_MODULES = YES;
				CLANG_ENABLE_OBJC_ARC = YES;
				CLANG_ENABLE_OBJC_WEAK = YES;
				CLANG_WARN_BLOCK_CAPTURE_AUTORELEASING = YES;
				CLANG_WARN_BOOL_CONVERSION = YES;
				CLANG_WARN_COMMA = YES;
				CLANG_WARN_CONSTANT_CONVERSION = YES;
				CLANG_WARN_DEPRECATED_OBJC_IMPLEMENTATIONS = YES;
				CLANG_WARN_DIRECT_OBJC_ISA_USAGE = YES_ERROR;
				CLANG_WARN_DOCUMENTATION_COMMENTS = YES;
				CLANG_WARN_EMPTY_BODY = YES;
				CLANG_WARN_ENUM_CONVERSION = YES;
				CLANG_WARN_INFINITE_RECURSION = YES;
				CLANG_WARN_INT_CONVERSION = YES;
				CLANG_WARN_NON_LITERAL_NULL_CONVERSION = YES;
				CLANG_WARN_OBJC_IMPLICIT_RETAIN_CYCLE = YES;
				CLANG_WARN_OBJC_LITERAL_CONVERSION = YES;
				CLANG_WARN_OBJC_ROOT_CLASS = YES_ERROR;
				CLANG_WARN_QUOTED_INCLUDE_IN_FRAMEWORK_HEADER = YES;
				CLANG_WARN_RANGE_LOOP_ANALYSIS = YES;
				CLANG_WARN_STRICT_PROTOTYPES = YES;
				CLANG_WARN_SUSPICIOUS_MOVE = YES;
				CLANG_WARN_UNGUARDED_AVAILABILITY = YES_AGGRESSIVE;
				CLANG_WARN_UNREACHABLE_CODE = YES;
				CLANG_WARN__DUPLICATE_METHOD_MATCH = YES;
				COPY_PHASE_STRIP = NO;
				DEBUG_INFORMATION_FORMAT = dwarf;
				ENABLE_STRICT_OBJC_MSGSEND = YES;
				ENABLE_TESTABILITY = YES;
				ENABLE_USER_SCRIPT_SANDBOXING = YES;
				GCC_C_LANGUAGE_STANDARD = gnu17;
				GCC_DYNAMIC_NO_PIC = NO;
				GCC_NO_COMMON_BLOCKS = YES;
				GCC_OPTIMIZATION_LEVEL = 0;
				GCC_PREPROCESSOR_DEFINITIONS = (
					"DEBUG=1",
					"$(inherited)",
				);
				GCC_WARN_64_TO_32_BIT_CONVERSION = YES;
				GCC_WARN_ABOUT_RETURN_TYPE = YES_ERROR;
				GCC_WARN_UNDECLARED_SELECTOR = YES;
				GCC_WARN_UNINITIALIZED_AUTOS = YES_AGGRESSIVE;
				GCC_WARN_UNUSED_FUNCTION = YES;
				GCC_WARN_UNUSED_VARIABLE = YES;
				IPHONEOS_DEPLOYMENT_TARGET = 17.0;
				MTL_ENABLE_DEBUG_INFO = INCLUDE_SOURCE;
				MTL_FAST_MATH = YES;
				ONLY_ACTIVE_ARCH = YES;
				SDKROOT = iphoneos;
				SWIFT_ACTIVE_COMPILATION_CONDITIONS = DEBUG;
				SWIFT_OPTIMIZATION_LEVEL = "-Onone";
			};
			name = Debug;
		};
		AA00000000000000000000A9 /* Release */ = {
			isa = XCBuildConfiguration;
			buildSettings = {
				ALWAYS_SEARCH_USER_PATHS = NO;
				ASSETCATALOG_COMPILER_GENERATE_SWIFT_ASSET_SYMBOL_EXTENSIONS = YES;
				CLANG_ANALYZER_NONNULL = YES;
				CLANG_ANALYZER_NUMBER_OBJECT_CONVERSION = YES_AGGRESSIVE;
				CLANG_CXX_LANGUAGE_STANDARD = "gnu++20";
				CLANG_ENABLE_MODULES = YES;
				CLANG_ENABLE_OBJC_ARC = YES;
				CLANG_ENABLE_OBJC_WEAK = YES;
				CLANG_WARN_BLOCK_CAPTURE_AUTORELEASING = YES;
				CLANG_WARN_BOOL_CONVERSION = YES;
				CLANG_WARN_COMMA = YES;
				CLANG_WARN_CONSTANT_CONVERSION = YES;
				CLANG_WARN_DEPRECATED_OBJC_IMPLEMENTATIONS = YES;
				CLANG_WARN_DIRECT_OBJC_ISA_USAGE = YES_ERROR;
				CLANG_WARN_DOCUMENTATION_COMMENTS = YES;
				CLANG_WARN_EMPTY_BODY = YES;
				CLANG_WARN_ENUM_CONVERSION = YES;
				CLANG_WARN_INFINITE_RECURSION = YES;
				CLANG_WARN_INT_CONVERSION = YES;
				CLANG_WARN_NON_LITERAL_NULL_CONVERSION = YES;
				CLANG_WARN_OBJC_IMPLICIT_RETAIN_CYCLE = YES;
				CLANG_WARN_OBJC_LITERAL_CONVERSION = YES;
				CLANG_WARN_OBJC_ROOT_CLASS = YES_ERROR;
				CLANG_WARN_QUOTED_INCLUDE_IN_FRAMEWORK_HEADER = YES;
				CLANG_WARN_RANGE_LOOP_ANALYSIS = YES;
				CLANG_WARN_STRICT_PROTOTYPES = YES;
				CLANG_WARN_SUSPICIOUS_MOVE = YES;
				CLANG_WARN_UNGUARDED_AVAILABILITY = YES_AGGRESSIVE;
				CLANG_WARN_UNREACHABLE_CODE = YES;
				CLANG_WARN__DUPLICATE_METHOD_MATCH = YES;
				COPY_PHASE_STRIP = NO;
				DEBUG_INFORMATION_FORMAT = "dwarf-with-dsym";
				ENABLE_NS_ASSERTIONS = NO;
				ENABLE_STRICT_OBJC_MSGSEND = YES;
				ENABLE_USER_SCRIPT_SANDBOXING = YES;
				GCC_C_LANGUAGE_STANDARD = gnu17;
				GCC_NO_COMMON_BLOCKS = YES;
				GCC_WARN_64_TO_32_BIT_CONVERSION = YES;
				GCC_WARN_ABOUT_RETURN_TYPE = YES_ERROR;
				GCC_WARN_UNDECLARED_SELECTOR = YES;
				GCC_WARN_UNINITIALIZED_AUTOS = YES_AGGRESSIVE;
				GCC_WARN_UNUSED_FUNCTION = YES;
				GCC_WARN_UNUSED_VARIABLE = YES;
				IPHONEOS_DEPLOYMENT_TARGET = 17.0;
				MTL_FAST_MATH = YES;
				SDKROOT = iphoneos;
				SWIFT_COMPILATION_MODE = wholemodule;
				SWIFT_OPTIMIZATION_LEVEL = "-O";
				VALIDATE_PRODUCT = YES;
			};
			name = Release;
		};
		AA00000000000000000000AA /* Debug */ = {
			isa = XCBuildConfiguration;
			buildSettings = {
				ASSETCATALOG_COMPILER_APPICON_NAME = AppIcon;
				ASSETCATALOG_COMPILER_GLOBAL_ACCENT_COLOR_NAME = AccentColor;
				CODE_SIGN_STYLE = Automatic;
				CURRENT_PROJECT_VERSION = 1;
				DEVELOPMENT_ASSET_PATHS = "\"Yeyu/Preview Content\"";
				ENABLE_PREVIEWS = YES;
				GENERATE_INFOPLIST_FILE = YES;
				INFOPLIST_KEY_CFBundleDisplayName = "\U591c\U5c7f";
				INFOPLIST_KEY_NSAppTransportSecurity = "{NSAllowsLocalNetworking = YES;}";
				INFOPLIST_KEY_UIApplicationSceneManifest_Generation = YES;
				INFOPLIST_KEY_UIApplicationSupportsIndirectInputEvents = YES;
				INFOPLIST_KEY_UILaunchScreen_Generation = YES;
				INFOPLIST_KEY_UIRequiresFullScreen = YES;
				INFOPLIST_KEY_UISupportedInterfaceOrientations_iPhone = UIInterfaceOrientationPortrait;
				LD_RUNPATH_SEARCH_PATHS = (
					"$(inherited)",
					"@executable_path/Frameworks",
				);
				MARKETING_VERSION = "0.1";
				PRODUCT_BUNDLE_IDENTIFIER = com.yuqi.yeyu;
				PRODUCT_NAME = "$(TARGET_NAME)";
				SWIFT_EMIT_LOC_STRINGS = YES;
				SWIFT_VERSION = 5.9;
				TARGETED_DEVICE_FAMILY = 1;
			};
			name = Debug;
		};
		AA00000000000000000000AB /* Release */ = {
			isa = XCBuildConfiguration;
			buildSettings = {
				ASSETCATALOG_COMPILER_APPICON_NAME = AppIcon;
				ASSETCATALOG_COMPILER_GLOBAL_ACCENT_COLOR_NAME = AccentColor;
				CODE_SIGN_STYLE = Automatic;
				CURRENT_PROJECT_VERSION = 1;
				DEVELOPMENT_ASSET_PATHS = "\"Yeyu/Preview Content\"";
				ENABLE_PREVIEWS = YES;
				GENERATE_INFOPLIST_FILE = YES;
				INFOPLIST_KEY_CFBundleDisplayName = "\U591c\U5c7f";
				INFOPLIST_KEY_UIApplicationSceneManifest_Generation = YES;
				INFOPLIST_KEY_UIApplicationSupportsIndirectInputEvents = YES;
				INFOPLIST_KEY_UILaunchScreen_Generation = YES;
				INFOPLIST_KEY_UIRequiresFullScreen = YES;
				INFOPLIST_KEY_UISupportedInterfaceOrientations_iPhone = UIInterfaceOrientationPortrait;
				LD_RUNPATH_SEARCH_PATHS = (
					"$(inherited)",
					"@executable_path/Frameworks",
				);
				MARKETING_VERSION = "0.1";
				PRODUCT_BUNDLE_IDENTIFIER = com.yuqi.yeyu;
				PRODUCT_NAME = "$(TARGET_NAME)";
				SWIFT_EMIT_LOC_STRINGS = YES;
				SWIFT_VERSION = 5.9;
				TARGETED_DEVICE_FAMILY = 1;
			};
			name = Release;
		};
/* End XCBuildConfiguration section */

/* Begin XCConfigurationList section */
		AA00000000000000000000A6 /* Build configuration list for PBXProject "Yeyu" */ = {
			isa = XCConfigurationList;
			buildConfigurations = (
				AA00000000000000000000A8 /* Debug */,
				AA00000000000000000000A9 /* Release */,
			);
			defaultConfigurationIsVisible = 0;
			defaultConfigurationName = Release;
		};
		AA00000000000000000000A7 /* Build configuration list for PBXNativeTarget "Yeyu" */ = {
			isa = XCConfigurationList;
			buildConfigurations = (
				AA00000000000000000000AA /* Debug */,
				AA00000000000000000000AB /* Release */,
			);
			defaultConfigurationIsVisible = 0;
			defaultConfigurationName = Release;
		};
/* End XCConfigurationList section */
	};
	rootObject = AA000000000000000000001A /* Project object */;
}
